
Microsoft Visual Studio Solution File, Format Version 12.00
# Visual Studio Version 16
VisualStudioVersion = 16.0.30517.126
MinimumVisualStudioVersion = 10.0.40219.1
Project("{FAE04EC0-301F-11D3-BF4B-00C04F79EFBC}") = "Bucket", "SchoolOpdracht\Bucket.csproj", "{70C5699E-930F-4E5A-AC3F-29ABFCB5D19A}"
EndProject
Project("{FAE04EC0-301F-11D3-BF4B-00C04F79EFBC}") = "BucketTests", "BucketTests\BucketTests.csproj", "{9CC370C7-ADD7-4DC5-BF5A-C0BB76B9072F}"
EndProject
Global
	GlobalSection(SolutionConfigurationPlatforms) = preSolution
		Debug|Any CPU = Debug|Any CPU
		Release|Any CPU = Release|Any CPU
	EndGlobalSection
	GlobalSection(ProjectConfigurationPlatforms) = postSolution
		{70C5699E-930F-4E5A-AC3F-29ABFCB5D19A}.Debug|Any CPU.ActiveCfg = Debug|Any CPU
		{70C5699E-930F-4E5A-AC3F-29ABFCB5D19A}.Debug|Any CPU.Build.0 = Debug|Any CPU
		{70C5699E-930F-4E5A-AC3F-29ABFCB5D19A}.Release|Any CPU.ActiveCfg = Release|Any CPU
		{70C5699E-930F-4E5A-AC3F-29ABFCB5D19A}.Release|Any CPU.Build.0 = Release|Any CPU
		{9CC370C7-ADD7-4DC5-BF5A-C0BB76B9072F}.Debug|Any CPU.ActiveCfg = Debug|Any CPU
		{9CC370C7-ADD7-4DC5-BF5A-C0BB76B9072F}.Debug|Any CPU.Build.0 = Debug|Any CPU
		{9CC370C7-ADD7-4DC5-BF5A-C0BB76B9072F}.Release|Any CPU.ActiveCfg = Release|Any CPU
		{9CC370C7-ADD7-4DC5-BF5A-C0BB76B9072F}.Release|Any CPU.Build.0 = Release|Any CPU
	EndGlobalSection
	GlobalSection(SolutionProperties) = preSolution
		HideSolutionNode = FALSE
	EndGlobalSection
	GlobalSection(ExtensibilityGlobals) = postSolution
		SolutionGuid = {736D6368-FC6D-4CF6-BB2F-857E49516B24}
	EndGlobalSection
EndGlobal
